
Microsoft Visual Studio Solution File, Format Version 12.00
# Visual Studio 15
Project("{FAE04EC0-301F-11D3-BF4B-00C04F79EFBC}") = "Oculus.Interaction.Editor", "Oculus.Interaction.Editor.csproj", "{A806C8F4-23E6-9957-B55E-4CF72E9474F8}"
EndProject
Project("{FAE04EC0-301F-11D3-BF4B-00C04F79EFBC}") = "Meta.WitAi.Conduit", "Meta.WitAi.Conduit.csproj", "{DCC4347A-62C8-6F4E-F1EE-26842788CA48}"
EndProject
Project("{FAE04EC0-301F-11D3-BF4B-00C04F79EFBC}") = "Oculus.VR", "Oculus.VR.csproj", "{6ABC7F0F-2CC2-9062-10EA-928408C727EF}"
EndProject
Project("{FAE04EC0-301F-11D3-BF4B-00C04F79EFBC}") = "Oculus.Interaction", "Oculus.Interaction.csproj", "{DAB1A9B9-AC71-E457-2355-DE41E30F8266}"
EndProject
Project("{FAE04EC0-301F-11D3-BF4B-00C04F79EFBC}") = "Meta.WitAi.Editor", "Meta.WitAi.Editor.csproj", "{94FF5214-C47D-F071-1198-641F6F566C78}"
EndProject
Project("{FAE04EC0-301F-11D3-BF4B-00C04F79EFBC}") = "Oculus.Platform", "Oculus.Platform.csproj", "{E71D0984-4D13-0EF2-3476-C143AEE06838}"
EndProject
Project("{FAE04EC0-301F-11D3-BF4B-00C04F79EFBC}") = "Meta.WitAi.Conduit.Editor", "Meta.WitAi.Conduit.Editor.csproj", "{7BD48AFF-5FD2-C604-B1FE-2005F147D1AC}"
EndProject
Project("{FAE04EC0-301F-11D3-BF4B-00C04F79EFBC}") = "Meta.WitAi", "Meta.WitAi.csproj", "{D5B1ACD9-95BE-D5D0-8AA5-7DC9BAE9AD91}"
EndProject
Project("{FAE04EC0-301F-11D3-BF4B-00C04F79EFBC}") = "Oculus.Interaction.OVR.Samples", "Oculus.Interaction.OVR.Samples.csproj", "{C001B649-0185-0068-7A77-6D0CB4A31122}"
EndProject
Project("{FAE04EC0-301F-11D3-BF4B-00C04F79EFBC}") = "Assembly-CSharp", "Assembly-CSharp.csproj", "{76B255A4-F8D6-4990-3A86-420C604CD857}"
EndProject
Project("{FAE04EC0-301F-11D3-BF4B-00C04F79EFBC}") = "Meta.WitAi.Lib", "Meta.WitAi.Lib.csproj", "{6987048D-02D6-AB1D-AC3C-7B1657EC2AF0}"
EndProject
Project("{FAE04EC0-301F-11D3-BF4B-00C04F79EFBC}") = "Oculus.VR.Editor", "Oculus.VR.Editor.csproj", "{CE6BDDBF-2FB2-5175-6205-20FF70DD51DA}"
EndProject
Project("{FAE04EC0-301F-11D3-BF4B-00C04F79EFBC}") = "VoiceSDK.Dictation.Runtime", "VoiceSDK.Dictation.Runtime.csproj", "{B16B18E1-AB28-74E9-AA68-E6C3CB54AFA7}"
EndProject
Project("{FAE04EC0-301F-11D3-BF4B-00C04F79EFBC}") = "Oculus.LipSync", "Oculus.LipSync.csproj", "{4A1DAC33-65A4-4A8A-8A01-AA64DD5FB1A2}"
EndProject
Project("{FAE04EC0-301F-11D3-BF4B-00C04F79EFBC}") = "Oculus.Interaction.OVR", "Oculus.Interaction.OVR.csproj", "{9C743B4D-A5E3-B54C-4822-B429B70946CA}"
EndProject
Project("{FAE04EC0-301F-11D3-BF4B-00C04F79EFBC}") = "VoiceSDK.Editor", "VoiceSDK.Editor.csproj", "{A78BCF0A-6030-D39E-1675-0467B6E60078}"
EndProject
Project("{FAE04EC0-301F-11D3-BF4B-00C04F79EFBC}") = "Meta.WitAI.Lib.Editor", "Meta.WitAI.Lib.Editor.csproj", "{5A00ED0D-737D-7BD1-00A5-B61866C2C27A}"
EndProject
Project("{FAE04EC0-301F-11D3-BF4B-00C04F79EFBC}") = "Oculus.Spatializer.Editor", "Oculus.Spatializer.Editor.csproj", "{820F03D8-2D7E-16C6-9F86-E0C4A684760D}"
EndProject
Project("{FAE04EC0-301F-11D3-BF4B-00C04F79EFBC}") = "AssistantCoreSDKRuntime", "AssistantCoreSDKRuntime.csproj", "{736929D0-0C83-0C49-F59A-36F19EB07E51}"
EndProject
Project("{FAE04EC0-301F-11D3-BF4B-00C04F79EFBC}") = "Oculus.AudioManager", "Oculus.AudioManager.csproj", "{C54AD24A-34B1-E269-6318-93DA993A21E0}"
EndProject
Project("{FAE04EC0-301F-11D3-BF4B-00C04F79EFBC}") = "Facebook.Wit.Dictation", "Facebook.Wit.Dictation.csproj", "{7AE73BCB-C730-82BA-DD2A-AA003CEF2EFA}"
EndProject
Project("{FAE04EC0-301F-11D3-BF4B-00C04F79EFBC}") = "VoiceSDK.Runtime", "VoiceSDK.Runtime.csproj", "{054994DE-22A8-4D1F-37B2-EDF4D2A657D7}"
EndProject
Project("{FAE04EC0-301F-11D3-BF4B-00C04F79EFBC}") = "Oculus.AudioManager.Audio.Editor", "Oculus.AudioManager.Audio.Editor.csproj", "{AFF9B4BD-9598-A02E-BD1A-EFD52199E665}"
EndProject
Project("{FAE04EC0-301F-11D3-BF4B-00C04F79EFBC}") = "Assembly-CSharp-Editor", "Assembly-CSharp-Editor.csproj", "{98BF007B-7365-90CB-6FA7-5D4BD06FAC3F}"
EndProject
Project("{FAE04EC0-301F-11D3-BF4B-00C04F79EFBC}") = "Oculus.Voice.Demo", "Oculus.Voice.Demo.csproj", "{FF67490B-D222-9DE3-FC17-25EC2BF99A93}"
EndProject
Project("{FAE04EC0-301F-11D3-BF4B-00C04F79EFBC}") = "Oculus.VR.Scripts.Editor", "Oculus.VR.Scripts.Editor.csproj", "{01210B0F-AF3B-2DF9-C9A6-2A286FA1540E}"
EndProject
Project("{FAE04EC0-301F-11D3-BF4B-00C04F79EFBC}") = "Meta.WitAi.TTS.Samples", "Meta.WitAi.TTS.Samples.csproj", "{E1EC6EC0-4B4A-B8A4-059D-602073CC2D4F}"
EndProject
Project("{FAE04EC0-301F-11D3-BF4B-00C04F79EFBC}") = "Meta.WitAi.TTS", "Meta.WitAi.TTS.csproj", "{ED70A92B-4589-9FE5-FDF5-DC0F9675DB8E}"
EndProject
Project("{FAE04EC0-301F-11D3-BF4B-00C04F79EFBC}") = "Oculus.Interaction.Samples.Editor", "Oculus.Interaction.Samples.Editor.csproj", "{F33FB929-ADE2-B596-95EA-53ED3F37E337}"
EndProject
Project("{FAE04EC0-301F-11D3-BF4B-00C04F79EFBC}") = "Meta.WitAi.TTS.Editor", "Meta.WitAi.TTS.Editor.csproj", "{E015D63D-842E-CCCF-E6F5-A5946567E5F1}"
EndProject
Project("{FAE04EC0-301F-11D3-BF4B-00C04F79EFBC}") = "Oculus.Platform.Editor", "Oculus.Platform.Editor.csproj", "{6B685A83-2EA6-82DB-F182-AFAE58E4A56C}"
EndProject
Project("{FAE04EC0-301F-11D3-BF4B-00C04F79EFBC}") = "Oculus.Interaction.OVR.Editor", "Oculus.Interaction.OVR.Editor.csproj", "{8A1F6FA6-3D32-CE2E-4DED-45DCC28B7A6C}"
EndProject
Project("{FAE04EC0-301F-11D3-BF4B-00C04F79EFBC}") = "Oculus.Spatializer", "Oculus.Spatializer.csproj", "{54DA5D5B-AF73-F2F9-0DCD-FA7009856CE8}"
EndProject
Project("{FAE04EC0-301F-11D3-BF4B-00C04F79EFBC}") = "Oculus.LipSync.Editor", "Oculus.LipSync.Editor.csproj", "{48DA9779-C868-6E5C-630D-E8C4B92ACA3B}"
EndProject
Project("{FAE04EC0-301F-11D3-BF4B-00C04F79EFBC}") = "Oculus.AudioManager.Utils.Editor", "Oculus.AudioManager.Utils.Editor.csproj", "{EC334439-E8C4-C121-0798-C535D7D8CF90}"
EndProject
Project("{FAE04EC0-301F-11D3-BF4B-00C04F79EFBC}") = "Meta.VoiceSDK.Mic.Common", "Meta.VoiceSDK.Mic.Common.csproj", "{003409DA-3425-FF46-74C8-375D93DBEBEF}"
EndProject
Project("{FAE04EC0-301F-11D3-BF4B-00C04F79EFBC}") = "VoiceSDK.Dictation.Editor", "VoiceSDK.Dictation.Editor.csproj", "{4CC2354D-83EB-615B-4BB1-C87A28DE25E4}"
EndProject
Project("{FAE04EC0-301F-11D3-BF4B-00C04F79EFBC}") = "Meta.VoiceSDK.Mic.Other", "Meta.VoiceSDK.Mic.Other.csproj", "{42CFCC58-DA46-8351-396B-9A04D86B30D3}"
EndProject
Project("{FAE04EC0-301F-11D3-BF4B-00C04F79EFBC}") = "AssistantCoreSDKEditor", "AssistantCoreSDKEditor.csproj", "{23171455-5B3F-7633-0E6B-F4B9D9A098C1}"
EndProject
Project("{FAE04EC0-301F-11D3-BF4B-00C04F79EFBC}") = "Oculus.Interaction.InterfaceSupport", "Oculus.Interaction.InterfaceSupport.csproj", "{02304BD0-3A36-C860-9935-50442E101595}"
EndProject
Project("{FAE04EC0-301F-11D3-BF4B-00C04F79EFBC}") = "Facebook.Wit.Dictation.Editor", "Facebook.Wit.Dictation.Editor.csproj", "{EF13FE8B-778A-8A49-E04B-4084BD53366B}"
EndProject
Global
	GlobalSection(SolutionConfigurationPlatforms) = preSolution
		Debug|Any CPU = Debug|Any CPU
		Release|Any CPU = Release|Any CPU
	EndGlobalSection
	GlobalSection(ProjectConfigurationPlatforms) = postSolution
		{A806C8F4-23E6-9957-B55E-4CF72E9474F8}.Debug|Any CPU.ActiveCfg = Debug|Any CPU
		{A806C8F4-23E6-9957-B55E-4CF72E9474F8}.Debug|Any CPU.Build.0 = Debug|Any CPU
		{A806C8F4-23E6-9957-B55E-4CF72E9474F8}.Release|Any CPU.ActiveCfg = Release|Any CPU
		{A806C8F4-23E6-9957-B55E-4CF72E9474F8}.Release|Any CPU.Build.0 = Release|Any CPU
		{DCC4347A-62C8-6F4E-F1EE-26842788CA48}.Debug|Any CPU.ActiveCfg = Debug|Any CPU
		{DCC4347A-62C8-6F4E-F1EE-26842788CA48}.Debug|Any CPU.Build.0 = Debug|Any CPU
		{DCC4347A-62C8-6F4E-F1EE-26842788CA48}.Release|Any CPU.ActiveCfg = Release|Any CPU
		{DCC4347A-62C8-6F4E-F1EE-26842788CA48}.Release|Any CPU.Build.0 = Release|Any CPU
		{6ABC7F0F-2CC2-9062-10EA-928408C727EF}.Debug|Any CPU.ActiveCfg = Debug|Any CPU
		{6ABC7F0F-2CC2-9062-10EA-928408C727EF}.Debug|Any CPU.Build.0 = Debug|Any CPU
		{6ABC7F0F-2CC2-9062-10EA-928408C727EF}.Release|Any CPU.ActiveCfg = Release|Any CPU
		{6ABC7F0F-2CC2-9062-10EA-928408C727EF}.Release|Any CPU.Build.0 = Release|Any CPU
		{DAB1A9B9-AC71-E457-2355-DE41E30F8266}.Debug|Any CPU.ActiveCfg = Debug|Any CPU
		{DAB1A9B9-AC71-E457-2355-DE41E30F8266}.Debug|Any CPU.Build.0 = Debug|Any CPU
		{DAB1A9B9-AC71-E457-2355-DE41E30F8266}.Release|Any CPU.ActiveCfg = Release|Any CPU
		{DAB1A9B9-AC71-E457-2355-DE41E30F8266}.Release|Any CPU.Build.0 = Release|Any CPU
		{94FF5214-C47D-F071-1198-641F6F566C78}.Debug|Any CPU.ActiveCfg = Debug|Any CPU
		{94FF5214-C47D-F071-1198-641F6F566C78}.Debug|Any CPU.Build.0 = Debug|Any CPU
		{94FF5214-C47D-F071-1198-641F6F566C78}.Release|Any CPU.ActiveCfg = Release|Any CPU
		{94FF5214-C47D-F071-1198-641F6F566C78}.Release|Any CPU.Build.0 = Release|Any CPU
		{E71D0984-4D13-0EF2-3476-C143AEE06838}.Debug|Any CPU.ActiveCfg = Debug|Any CPU
		{E71D0984-4D13-0EF2-3476-C143AEE06838}.Debug|Any CPU.Build.0 = Debug|Any CPU
		{E71D0984-4D13-0EF2-3476-C143AEE06838}.Release|Any CPU.ActiveCfg = Release|Any CPU
		{E71D0984-4D13-0EF2-3476-C143AEE06838}.Release|Any CPU.Build.0 = Release|Any CPU
		{7BD48AFF-5FD2-C604-B1FE-2005F147D1AC}.Debug|Any CPU.ActiveCfg = Debug|Any CPU
		{7BD48AFF-5FD2-C604-B1FE-2005F147D1AC}.Debug|Any CPU.Build.0 = Debug|Any CPU
		{7BD48AFF-5FD2-C604-B1FE-2005F147D1AC}.Release|Any CPU.ActiveCfg = Release|Any CPU
		{7BD48AFF-5FD2-C604-B1FE-2005F147D1AC}.Release|Any CPU.Build.0 = Release|Any CPU
		{D5B1ACD9-95BE-D5D0-8AA5-7DC9BAE9AD91}.Debug|Any CPU.ActiveCfg = Debug|Any CPU
		{D5B1ACD9-95BE-D5D0-8AA5-7DC9BAE9AD91}.Debug|Any CPU.Build.0 = Debug|Any CPU
		{D5B1ACD9-95BE-D5D0-8AA5-7DC9BAE9AD91}.Release|Any CPU.ActiveCfg = Release|Any CPU
		{D5B1ACD9-95BE-D5D0-8AA5-7DC9BAE9AD91}.Release|Any CPU.Build.0 = Release|Any CPU
		{C001B649-0185-0068-7A77-6D0CB4A31122}.Debug|Any CPU.ActiveCfg = Debug|Any CPU
		{C001B649-0185-0068-7A77-6D0CB4A31122}.Debug|Any CPU.Build.0 = Debug|Any CPU
		{C001B649-0185-0068-7A77-6D0CB4A31122}.Release|Any CPU.ActiveCfg = Release|Any CPU
		{C001B649-0185-0068-7A77-6D0CB4A31122}.Release|Any CPU.Build.0 = Release|Any CPU
		{76B255A4-F8D6-4990-3A86-420C604CD857}.Debug|Any CPU.ActiveCfg = Debug|Any CPU
		{76B255A4-F8D6-4990-3A86-420C604CD857}.Debug|Any CPU.Build.0 = Debug|Any CPU
		{76B255A4-F8D6-4990-3A86-420C604CD857}.Release|Any CPU.ActiveCfg = Release|Any CPU
		{76B255A4-F8D6-4990-3A86-420C604CD857}.Release|Any CPU.Build.0 = Release|Any CPU
		{6987048D-02D6-AB1D-AC3C-7B1657EC2AF0}.Debug|Any CPU.ActiveCfg = Debug|Any CPU
		{6987048D-02D6-AB1D-AC3C-7B1657EC2AF0}.Debug|Any CPU.Build.0 = Debug|Any CPU
		{6987048D-02D6-AB1D-AC3C-7B1657EC2AF0}.Release|Any CPU.ActiveCfg = Release|Any CPU
		{6987048D-02D6-AB1D-AC3C-7B1657EC2AF0}.Release|Any CPU.Build.0 = Release|Any CPU
		{CE6BDDBF-2FB2-5175-6205-20FF70DD51DA}.Debug|Any CPU.ActiveCfg = Debug|Any CPU
		{CE6BDDBF-2FB2-5175-6205-20FF70DD51DA}.Debug|Any CPU.Build.0 = Debug|Any CPU
		{CE6BDDBF-2FB2-5175-6205-20FF70DD51DA}.Release|Any CPU.ActiveCfg = Release|Any CPU
		{CE6BDDBF-2FB2-5175-6205-20FF70DD51DA}.Release|Any CPU.Build.0 = Release|Any CPU
		{B16B18E1-AB28-74E9-AA68-E6C3CB54AFA7}.Debug|Any CPU.ActiveCfg = Debug|Any CPU
		{B16B18E1-AB28-74E9-AA68-E6C3CB54AFA7}.Debug|Any CPU.Build.0 = Debug|Any CPU
		{B16B18E1-AB28-74E9-AA68-E6C3CB54AFA7}.Release|Any CPU.ActiveCfg = Release|Any CPU
		{B16B18E1-AB28-74E9-AA68-E6C3CB54AFA7}.Release|Any CPU.Build.0 = Release|Any CPU
		{4A1DAC33-65A4-4A8A-8A01-AA64DD5FB1A2}.Debug|Any CPU.ActiveCfg = Debug|Any CPU
		{4A1DAC33-65A4-4A8A-8A01-AA64DD5FB1A2}.Debug|Any CPU.Build.0 = Debug|Any CPU
		{4A1DAC33-65A4-4A8A-8A01-AA64DD5FB1A2}.Release|Any CPU.ActiveCfg = Release|Any CPU
		{4A1DAC33-65A4-4A8A-8A01-AA64DD5FB1A2}.Release|Any CPU.Build.0 = Release|Any CPU
		{9C743B4D-A5E3-B54C-4822-B429B70946CA}.Debug|Any CPU.ActiveCfg = Debug|Any CPU
		{9C743B4D-A5E3-B54C-4822-B429B70946CA}.Debug|Any CPU.Build.0 = Debug|Any CPU
		{9C743B4D-A5E3-B54C-4822-B429B70946CA}.Release|Any CPU.ActiveCfg = Release|Any CPU
		{9C743B4D-A5E3-B54C-4822-B429B70946CA}.Release|Any CPU.Build.0 = Release|Any CPU
		{A78BCF0A-6030-D39E-1675-0467B6E60078}.Debug|Any CPU.ActiveCfg = Debug|Any CPU
		{A78BCF0A-6030-D39E-1675-0467B6E60078}.Debug|Any CPU.Build.0 = Debug|Any CPU
		{A78BCF0A-6030-D39E-1675-0467B6E60078}.Release|Any CPU.ActiveCfg = Release|Any CPU
		{A78BCF0A-6030-D39E-1675-0467B6E60078}.Release|Any CPU.Build.0 = Release|Any CPU
		{5A00ED0D-737D-7BD1-00A5-B61866C2C27A}.Debug|Any CPU.ActiveCfg = Debug|Any CPU
		{5A00ED0D-737D-7BD1-00A5-B61866C2C27A}.Debug|Any CPU.Build.0 = Debug|Any CPU
		{5A00ED0D-737D-7BD1-00A5-B61866C2C27A}.Release|Any CPU.ActiveCfg = Release|Any CPU
		{5A00ED0D-737D-7BD1-00A5-B61866C2C27A}.Release|Any CPU.Build.0 = Release|Any CPU
		{820F03D8-2D7E-16C6-9F86-E0C4A684760D}.Debug|Any CPU.ActiveCfg = Debug|Any CPU
		{820F03D8-2D7E-16C6-9F86-E0C4A684760D}.Debug|Any CPU.Build.0 = Debug|Any CPU
		{820F03D8-2D7E-16C6-9F86-E0C4A684760D}.Release|Any CPU.ActiveCfg = Release|Any CPU
		{820F03D8-2D7E-16C6-9F86-E0C4A684760D}.Release|Any CPU.Build.0 = Release|Any CPU
		{736929D0-0C83-0C49-F59A-36F19EB07E51}.Debug|Any CPU.ActiveCfg = Debug|Any CPU
		{736929D0-0C83-0C49-F59A-36F19EB07E51}.Debug|Any CPU.Build.0 = Debug|Any CPU
		{736929D0-0C83-0C49-F59A-36F19EB07E51}.Release|Any CPU.ActiveCfg = Release|Any CPU
		{736929D0-0C83-0C49-F59A-36F19EB07E51}.Release|Any CPU.Build.0 = Release|Any CPU
		{C54AD24A-34B1-E269-6318-93DA993A21E0}.Debug|Any CPU.ActiveCfg = Debug|Any CPU
		{C54AD24A-34B1-E269-6318-93DA993A21E0}.Debug|Any CPU.Build.0 = Debug|Any CPU
		{C54AD24A-34B1-E269-6318-93DA993A21E0}.Release|Any CPU.ActiveCfg = Release|Any CPU
		{C54AD24A-34B1-E269-6318-93DA993A21E0}.Release|Any CPU.Build.0 = Release|Any CPU
		{7AE73BCB-C730-82BA-DD2A-AA003CEF2EFA}.Debug|Any CPU.ActiveCfg = Debug|Any CPU
		{7AE73BCB-C730-82BA-DD2A-AA003CEF2EFA}.Debug|Any CPU.Build.0 = Debug|Any CPU
		{7AE73BCB-C730-82BA-DD2A-AA003CEF2EFA}.Release|Any CPU.ActiveCfg = Release|Any CPU
		{7AE73BCB-C730-82BA-DD2A-AA003CEF2EFA}.Release|Any CPU.Build.0 = Release|Any CPU
		{054994DE-22A8-4D1F-37B2-EDF4D2A657D7}.Debug|Any CPU.ActiveCfg = Debug|Any CPU
		{054994DE-22A8-4D1F-37B2-EDF4D2A657D7}.Debug|Any CPU.Build.0 = Debug|Any CPU
		{054994DE-22A8-4D1F-37B2-EDF4D2A657D7}.Release|Any CPU.ActiveCfg = Release|Any CPU
		{054994DE-22A8-4D1F-37B2-EDF4D2A657D7}.Release|Any CPU.Build.0 = Release|Any CPU
		{AFF9B4BD-9598-A02E-BD1A-EFD52199E665}.Debug|Any CPU.ActiveCfg = Debug|Any CPU
		{AFF9B4BD-9598-A02E-BD1A-EFD52199E665}.Debug|Any CPU.Build.0 = Debug|Any CPU
		{AFF9B4BD-9598-A02E-BD1A-EFD52199E665}.Release|Any CPU.ActiveCfg = Release|Any CPU
		{AFF9B4BD-9598-A02E-BD1A-EFD52199E665}.Release|Any CPU.Build.0 = Release|Any CPU
		{98BF007B-7365-90CB-6FA7-5D4BD06FAC3F}.Debug|Any CPU.ActiveCfg = Debug|Any CPU
		{98BF007B-7365-90CB-6FA7-5D4BD06FAC3F}.Debug|Any CPU.Build.0 = Debug|Any CPU
		{98BF007B-7365-90CB-6FA7-5D4BD06FAC3F}.Release|Any CPU.ActiveCfg = Release|Any CPU
		{98BF007B-7365-90CB-6FA7-5D4BD06FAC3F}.Release|Any CPU.Build.0 = Release|Any CPU
		{FF67490B-D222-9DE3-FC17-25EC2BF99A93}.Debug|Any CPU.ActiveCfg = Debug|Any CPU
		{FF67490B-D222-9DE3-FC17-25EC2BF99A93}.Debug|Any CPU.Build.0 = Debug|Any CPU
		{FF67490B-D222-9DE3-FC17-25EC2BF99A93}.Release|Any CPU.ActiveCfg = Release|Any CPU
		{FF67490B-D222-9DE3-FC17-25EC2BF99A93}.Release|Any CPU.Build.0 = Release|Any CPU
		{01210B0F-AF3B-2DF9-C9A6-2A286FA1540E}.Debug|Any CPU.ActiveCfg = Debug|Any CPU
		{01210B0F-AF3B-2DF9-C9A6-2A286FA1540E}.Debug|Any CPU.Build.0 = Debug|Any CPU
		{01210B0F-AF3B-2DF9-C9A6-2A286FA1540E}.Release|Any CPU.ActiveCfg = Release|Any CPU
		{01210B0F-AF3B-2DF9-C9A6-2A286FA1540E}.Release|Any CPU.Build.0 = Release|Any CPU
		{E1EC6EC0-4B4A-B8A4-059D-602073CC2D4F}.Debug|Any CPU.ActiveCfg = Debug|Any CPU
		{E1EC6EC0-4B4A-B8A4-059D-602073CC2D4F}.Debug|Any CPU.Build.0 = Debug|Any CPU
		{E1EC6EC0-4B4A-B8A4-059D-602073CC2D4F}.Release|Any CPU.ActiveCfg = Release|Any CPU
		{E1EC6EC0-4B4A-B8A4-059D-602073CC2D4F}.Release|Any CPU.Build.0 = Release|Any CPU
		{ED70A92B-4589-9FE5-FDF5-DC0F9675DB8E}.Debug|Any CPU.ActiveCfg = Debug|Any CPU
		{ED70A92B-4589-9FE5-FDF5-DC0F9675DB8E}.Debug|Any CPU.Build.0 = Debug|Any CPU
		{ED70A92B-4589-9FE5-FDF5-DC0F9675DB8E}.Release|Any CPU.ActiveCfg = Release|Any CPU
		{ED70A92B-4589-9FE5-FDF5-DC0F9675DB8E}.Release|Any CPU.Build.0 = Release|Any CPU
		{F33FB929-ADE2-B596-95EA-53ED3F37E337}.Debug|Any CPU.ActiveCfg = Debug|Any CPU
		{F33FB929-ADE2-B596-95EA-53ED3F37E337}.Debug|Any CPU.Build.0 = Debug|Any CPU
		{F33FB929-ADE2-B596-95EA-53ED3F37E337}.Release|Any CPU.ActiveCfg = Release|Any CPU
		{F33FB929-ADE2-B596-95EA-53ED3F37E337}.Release|Any CPU.Build.0 = Release|Any CPU
		{E015D63D-842E-CCCF-E6F5-A5946567E5F1}.Debug|Any CPU.ActiveCfg = Debug|Any CPU
		{E015D63D-842E-CCCF-E6F5-A5946567E5F1}.Debug|Any CPU.Build.0 = Debug|Any CPU
		{E015D63D-842E-CCCF-E6F5-A5946567E5F1}.Release|Any CPU.ActiveCfg = Release|Any CPU
		{E015D63D-842E-CCCF-E6F5-A5946567E5F1}.Release|Any CPU.Build.0 = Release|Any CPU
		{6B685A83-2EA6-82DB-F182-AFAE58E4A56C}.Debug|Any CPU.ActiveCfg = Debug|Any CPU
		{6B685A83-2EA6-82DB-F182-AFAE58E4A56C}.Debug|Any CPU.Build.0 = Debug|Any CPU
		{6B685A83-2EA6-82DB-F182-AFAE58E4A56C}.Release|Any CPU.ActiveCfg = Release|Any CPU
		{6B685A83-2EA6-82DB-F182-AFAE58E4A56C}.Release|Any CPU.Build.0 = Release|Any CPU
		{8A1F6FA6-3D32-CE2E-4DED-45DCC28B7A6C}.Debug|Any CPU.ActiveCfg = Debug|Any CPU
		{8A1F6FA6-3D32-CE2E-4DED-45DCC28B7A6C}.Debug|Any CPU.Build.0 = Debug|Any CPU
		{8A1F6FA6-3D32-CE2E-4DED-45DCC28B7A6C}.Release|Any CPU.ActiveCfg = Release|Any CPU
		{8A1F6FA6-3D32-CE2E-4DED-45DCC28B7A6C}.Release|Any CPU.Build.0 = Release|Any CPU
		{54DA5D5B-AF73-F2F9-0DCD-FA7009856CE8}.Debug|Any CPU.ActiveCfg = Debug|Any CPU
		{54DA5D5B-AF73-F2F9-0DCD-FA7009856CE8}.Debug|Any CPU.Build.0 = Debug|Any CPU
		{54DA5D5B-AF73-F2F9-0DCD-FA7009856CE8}.Release|Any CPU.ActiveCfg = Release|Any CPU
		{54DA5D5B-AF73-F2F9-0DCD-FA7009856CE8}.Release|Any CPU.Build.0 = Release|Any CPU
		{48DA9779-C868-6E5C-630D-E8C4B92ACA3B}.Debug|Any CPU.ActiveCfg = Debug|Any CPU
		{48DA9779-C868-6E5C-630D-E8C4B92ACA3B}.Debug|Any CPU.Build.0 = Debug|Any CPU
		{48DA9779-C868-6E5C-630D-E8C4B92ACA3B}.Release|Any CPU.ActiveCfg = Release|Any CPU
		{48DA9779-C868-6E5C-630D-E8C4B92ACA3B}.Release|Any CPU.Build.0 = Release|Any CPU
		{EC334439-E8C4-C121-0798-C535D7D8CF90}.Debug|Any CPU.ActiveCfg = Debug|Any CPU
		{EC334439-E8C4-C121-0798-C535D7D8CF90}.Debug|Any CPU.Build.0 = Debug|Any CPU
		{EC334439-E8C4-C121-0798-C535D7D8CF90}.Release|Any CPU.ActiveCfg = Release|Any CPU
		{EC334439-E8C4-C121-0798-C535D7D8CF90}.Release|Any CPU.Build.0 = Release|Any CPU
		{003409DA-3425-FF46-74C8-375D93DBEBEF}.Debug|Any CPU.ActiveCfg = Debug|Any CPU
		{003409DA-3425-FF46-74C8-375D93DBEBEF}.Debug|Any CPU.Build.0 = Debug|Any CPU
		{003409DA-3425-FF46-74C8-375D93DBEBEF}.Release|Any CPU.ActiveCfg = Release|Any CPU
		{003409DA-3425-FF46-74C8-375D93DBEBEF}.Release|Any CPU.Build.0 = Release|Any CPU
		{4CC2354D-83EB-615B-4BB1-C87A28DE25E4}.Debug|Any CPU.ActiveCfg = Debug|Any CPU
		{4CC2354D-83EB-615B-4BB1-C87A28DE25E4}.Debug|Any CPU.Build.0 = Debug|Any CPU
		{4CC2354D-83EB-615B-4BB1-C87A28DE25E4}.Release|Any CPU.ActiveCfg = Release|Any CPU
		{4CC2354D-83EB-615B-4BB1-C87A28DE25E4}.Release|Any CPU.Build.0 = Release|Any CPU
		{42CFCC58-DA46-8351-396B-9A04D86B30D3}.Debug|Any CPU.ActiveCfg = Debug|Any CPU
		{42CFCC58-DA46-8351-396B-9A04D86B30D3}.Debug|Any CPU.Build.0 = Debug|Any CPU
		{42CFCC58-DA46-8351-396B-9A04D86B30D3}.Release|Any CPU.ActiveCfg = Release|Any CPU
		{42CFCC58-DA46-8351-396B-9A04D86B30D3}.Release|Any CPU.Build.0 = Release|Any CPU
		{23171455-5B3F-7633-0E6B-F4B9D9A098C1}.Debug|Any CPU.ActiveCfg = Debug|Any CPU
		{23171455-5B3F-7633-0E6B-F4B9D9A098C1}.Debug|Any CPU.Build.0 = Debug|Any CPU
		{23171455-5B3F-7633-0E6B-F4B9D9A098C1}.Release|Any CPU.ActiveCfg = Release|Any CPU
		{23171455-5B3F-7633-0E6B-F4B9D9A098C1}.Release|Any CPU.Build.0 = Release|Any CPU
		{02304BD0-3A36-C860-9935-50442E101595}.Debug|Any CPU.ActiveCfg = Debug|Any CPU
		{02304BD0-3A36-C860-9935-50442E101595}.Debug|Any CPU.Build.0 = Debug|Any CPU
		{02304BD0-3A36-C860-9935-50442E101595}.Release|Any CPU.ActiveCfg = Release|Any CPU
		{02304BD0-3A36-C860-9935-50442E101595}.Release|Any CPU.Build.0 = Release|Any CPU
		{EF13FE8B-778A-8A49-E04B-4084BD53366B}.Debug|Any CPU.ActiveCfg = Debug|Any CPU
		{EF13FE8B-778A-8A49-E04B-4084BD53366B}.Debug|Any CPU.Build.0 = Debug|Any CPU
		{EF13FE8B-778A-8A49-E04B-4084BD53366B}.Release|Any CPU.ActiveCfg = Release|Any CPU
		{EF13FE8B-778A-8A49-E04B-4084BD53366B}.Release|Any CPU.Build.0 = Release|Any CPU
	EndGlobalSection
	GlobalSection(SolutionProperties) = preSolution
		HideSolutionNode = FALSE
	EndGlobalSection
EndGlobal
